
Microsoft Visual Studio Solution File, Format Version 12.00
# Visual Studio Version 16
VisualStudioVersion = 16.0.31729.503
MinimumVisualStudioVersion = 10.0.40219.1
Project("{FAE04EC0-301F-11D3-BF4B-00C04F79EFBC}") = "ExTurismoPortugal", "ExTurimoPortugal\ExTurismoPortugal.csproj", "{5635A9D1-FCDF-44C0-BF4F-92F58DA27371}"
EndProject
Global
	GlobalSection(SolutionConfigurationPlatforms) = preSolution
		Debug|Any CPU = Debug|Any CPU
		Release|Any CPU = Release|Any CPU
	EndGlobalSection
	GlobalSection(ProjectConfigurationPlatforms) = postSolution
		{5635A9D1-FCDF-44C0-BF4F-92F58DA27371}.Debug|Any CPU.ActiveCfg = Debug|Any CPU
		{5635A9D1-FCDF-44C0-BF4F-92F58DA27371}.Debug|Any CPU.Build.0 = Debug|Any CPU
		{5635A9D1-FCDF-44C0-BF4F-92F58DA27371}.Release|Any CPU.ActiveCfg = Release|Any CPU
		{5635A9D1-FCDF-44C0-BF4F-92F58DA27371}.Release|Any CPU.Build.0 = Release|Any CPU
	EndGlobalSection
	GlobalSection(SolutionProperties) = preSolution
		HideSolutionNode = FALSE
	EndGlobalSection
	GlobalSection(ExtensibilityGlobals) = postSolution
		SolutionGuid = {EBC1B584-00F3-4F02-99CF-E08C23C180A0}
	EndGlobalSection
EndGlobal
